{
  "originHash" : "668976b1d9258dc21e9ae74087fabf1ac76fc8a8033137e921e1624dfbca1f6d",
  "pins" : [
    {
      "identity" : "rick-and-morty-swift-api",
      "kind" : "remoteSourceControl",
      "location" : "https://github.com/benjaminbruch/Rick-and-Morty-Swift-API.git",
      "state" : {
        "revision" : "16db2fbe515a73a1914bd925b9416b526010f7d8",
        "version" : "3.0.0"
      }
    },
    {
      "identity" : "swinject",
      "kind" : "remoteSourceControl",
      "location" : "https://github.com/Swinject/Swinject.git",
      "state" : {
        "revision" : "be9dbcc7b86811bc131539a20c6f9c2d3e56919f",
        "version" : "2.9.1"
      }
    }
  ],
  "version" : 3
}
